
Microsoft Visual Studio Solution File, Format Version 12.00
# Visual Studio Version 17
VisualStudioVersion = 17.14.36429.23 d17.14
MinimumVisualStudioVersion = 10.0.40219.1
Project("{FAE04EC0-301F-11D3-BF4B-00C04F79EFBC}") = "FinalGraduationProject", "FinalGraduationProject\FinalGraduationProject.csproj", "{76BB780E-A8AC-4044-B962-D13D486DD9DB}"
EndProject
Global
	GlobalSection(SolutionConfigurationPlatforms) = preSolution
		Debug|Any CPU = Debug|Any CPU
		Release|Any CPU = Release|Any CPU
	EndGlobalSection
	GlobalSection(ProjectConfigurationPlatforms) = postSolution
		{76BB780E-A8AC-4044-B962-D13D486DD9DB}.Debug|Any CPU.ActiveCfg = Debug|Any CPU
		{76BB780E-A8AC-4044-B962-D13D486DD9DB}.Debug|Any CPU.Build.0 = Debug|Any CPU
		{76BB780E-A8AC-4044-B962-D13D486DD9DB}.Release|Any CPU.ActiveCfg = Release|Any CPU
		{76BB780E-A8AC-4044-B962-D13D486DD9DB}.Release|Any CPU.Build.0 = Release|Any CPU
	EndGlobalSection
	GlobalSection(SolutionProperties) = preSolution
		HideSolutionNode = FALSE
	EndGlobalSection
	GlobalSection(ExtensibilityGlobals) = postSolution
		SolutionGuid = {87C6DE5A-965A-4883-AA5F-AD171EB02F8D}
	EndGlobalSection
EndGlobal
